<?xml version="1.0" encoding="utf-8"?>
<Project ToolsVersion="12.0" xmlns="http://schemas.microsoft.com/developer/msbuild/2003">
  <ItemGroup>
    <CustomBuild Include="..\..\..\CMakeFiles\4f777598ec161d0cfe270d777d07df5f\INSTALL_force.rule">
      <Filter>CMake Rules</Filter>
    </CustomBuild>
  </ItemGroup>
  <ItemGroup>
    <Filter Include="CMake Rules">
      <UniqueIdentifier>{BE01A399-D7EB-487C-9626-BE8D7CE39794}</UniqueIdentifier>
    </Filter>
  </ItemGroup>
</Project>
